<?xml version="1.0" encoding="UTF-8"?>
<Project ToolsVersion="12.0" xmlns="http://schemas.microsoft.com/developer/msbuild/2003">
  <ItemGroup>
    <ClCompile Include="C:\D\PBE\PlusLib\src\PlusDataCollection\vtkPlusDataCollector.cxx">
      <Filter>Source Files</Filter>
    </ClCompile>
    <ClCompile Include="C:\D\PBE\PlusLib\src\PlusDataCollection\vtkPlusDevice.cxx">
      <Filter>Source Files</Filter>
    </ClCompile>
    <ClCompile Include="C:\D\PBE\PlusLib\src\PlusDataCollection\vtkPlusUsDevice.cxx">
      <Filter>Source Files</Filter>
    </ClCompile>
    <ClCompile Include="C:\D\PBE\PlusLib\src\PlusDataCollection\vtkPlusChannel.cxx">
      <Filter>Source Files</Filter>
    </ClCompile>
    <ClCompile Include="C:\D\PBE\PlusLib\src\PlusDataCollection\vtkPlusDeviceFactory.cxx">
      <Filter>Source Files</Filter>
    </ClCompile>
    <ClCompile Include="C:\D\PBE\PlusLib\src\PlusDataCollection\vtkPlusDataSource.cxx">
      <Filter>Source Files</Filter>
    </ClCompile>
    <ClCompile Include="C:\D\PBE\PlusLib\src\PlusDataCollection\vtkPlusTimestampedCircularBuffer.cxx">
      <Filter>Source Files</Filter>
    </ClCompile>
    <ClCompile Include="C:\D\PBE\PlusLib\src\PlusDataCollection\PlusStreamBufferItem.cxx">
      <Filter>Source Files</Filter>
    </ClCompile>
    <ClCompile Include="C:\D\PBE\PlusLib\src\PlusDataCollection\vtkPlusGenericSerialDevice.cxx">
      <Filter>Source Files</Filter>
    </ClCompile>
    <ClCompile Include="C:\D\PBE\PlusLib\src\PlusDataCollection\FakeTracking\vtkPlusFakeTracker.cxx">
      <Filter>Source Files</Filter>
    </ClCompile>
    <ClCompile Include="C:\D\PBE\PlusLib\src\PlusDataCollection\SavedDataSource\vtkPlusSavedDataSource.cxx">
      <Filter>Source Files</Filter>
    </ClCompile>
    <ClCompile Include="C:\D\PBE\PlusLib\src\PlusDataCollection\VirtualDevices\vtkPlusVirtualMixer.cxx">
      <Filter>Source Files</Filter>
    </ClCompile>
    <ClCompile Include="C:\D\PBE\PlusLib\src\PlusDataCollection\VirtualDevices\vtkPlusVirtualSwitcher.cxx">
      <Filter>Source Files</Filter>
    </ClCompile>
    <ClCompile Include="C:\D\PBE\PlusLib\src\PlusDataCollection\VirtualDevices\vtkPlusVirtualDiscCapture.cxx">
      <Filter>Source Files</Filter>
    </ClCompile>
    <ClCompile Include="C:\D\PBE\PlusLib\src\PlusDataCollection\VirtualDevices\vtkPlusVirtualVolumeReconstructor.cxx">
      <Filter>Source Files</Filter>
    </ClCompile>
    <ClCompile Include="C:\D\PBE\PlusLib\src\PlusDataCollection\ImageProcessor\vtkPlusImageProcessorVideoSource.cxx">
      <Filter>Source Files</Filter>
    </ClCompile>
    <ClCompile Include="C:\D\PBE\PlusLib\src\PlusDataCollection\PlusSerialLine.cxx">
      <Filter>Source Files</Filter>
    </ClCompile>
    <ClCompile Include="C:\D\PBE\PlusLib\src\PlusDataCollection\itkFcsvReader.cxx">
      <Filter>Source Files</Filter>
    </ClCompile>
    <ClCompile Include="C:\D\PBE\PlusLib\src\PlusDataCollection\itkFcsvWriter.cxx">
      <Filter>Source Files</Filter>
    </ClCompile>
    <ClCompile Include="C:\D\PBE\PlusLib\src\PlusDataCollection\vtkPlusBuffer.cxx">
      <Filter>Source Files</Filter>
    </ClCompile>
    <ClCompile Include="C:\D\PBE\PlusLib\src\PlusDataCollection\UsSimulatorVideo\vtkPlusUsSimulatorVideoSource.cxx">
      <Filter>Source Files</Filter>
    </ClCompile>
    <ClCompile Include="C:\D\PBE\PlusLib\src\PlusDataCollection\vtkPlusUsImagingParameters.cxx">
      <Filter>Source Files</Filter>
    </ClCompile>
    <ClCompile Include="C:\D\PBE\PlusLib\src\PlusDataCollection\ChRobotics\vtkPlusChRoboticsTracker.cxx">
      <Filter>Source Files</Filter>
    </ClCompile>
    <ClCompile Include="C:\D\PBE\PlusLib\src\PlusDataCollection\MicrochipTracking\vtkPlusMicrochipTracker.cxx">
      <Filter>Source Files</Filter>
    </ClCompile>
    <ClCompile Include="C:\D\PBE\PlusLib\src\PlusDataCollection\OpenIGTLink\vtkPlusOpenIGTLinkDevice.cxx">
      <Filter>Source Files</Filter>
    </ClCompile>
    <ClCompile Include="C:\D\PBE\PlusLib\src\PlusDataCollection\OpenIGTLink\vtkPlusOpenIGTLinkTracker.cxx">
      <Filter>Source Files</Filter>
    </ClCompile>
    <ClCompile Include="C:\D\PBE\PlusLib\src\PlusDataCollection\OpenIGTLink\vtkPlusOpenIGTLinkVideoSource.cxx">
      <Filter>Source Files</Filter>
    </ClCompile>
  </ItemGroup>
  <ItemGroup>
    <ClInclude Include="C:\D\PBE\PlusLib\src\PlusDataCollection\vtkPlusDataCollector.h">
      <Filter>Header Files</Filter>
    </ClInclude>
    <ClInclude Include="C:\D\PBE\PlusLib\src\PlusDataCollection\vtkPlusDevice.h">
      <Filter>Header Files</Filter>
    </ClInclude>
    <ClInclude Include="C:\D\PBE\PlusLib\src\PlusDataCollection\vtkPlusUsDevice.h">
      <Filter>Header Files</Filter>
    </ClInclude>
    <ClInclude Include="C:\D\PBE\PlusLib\src\PlusDataCollection\vtkPlusChannel.h">
      <Filter>Header Files</Filter>
    </ClInclude>
    <ClInclude Include="C:\D\PBE\PlusLib\src\PlusDataCollection\vtkPlusDeviceFactory.h">
      <Filter>Header Files</Filter>
    </ClInclude>
    <ClInclude Include="C:\D\PBE\PlusLib\src\PlusDataCollection\vtkPlusDataSource.h">
      <Filter>Header Files</Filter>
    </ClInclude>
    <ClInclude Include="C:\D\PBE\PlusLib\src\PlusDataCollection\vtkPlusTimestampedCircularBuffer.h">
      <Filter>Header Files</Filter>
    </ClInclude>
    <ClInclude Include="C:\D\PBE\PlusLib\src\PlusDataCollection\PlusStreamBufferItem.h">
      <Filter>Header Files</Filter>
    </ClInclude>
    <ClInclude Include="C:\D\PBE\PlusLib\src\PlusDataCollection\vtkPlusGenericSerialDevice.h">
      <Filter>Header Files</Filter>
    </ClInclude>
    <ClInclude Include="C:\D\PBE\PlusLib\src\PlusDataCollection\FakeTracking\vtkPlusFakeTracker.h">
      <Filter>Header Files</Filter>
    </ClInclude>
    <ClInclude Include="C:\D\PBE\PlusLib\src\PlusDataCollection\SavedDataSource\vtkPlusSavedDataSource.h">
      <Filter>Header Files</Filter>
    </ClInclude>
    <ClInclude Include="C:\D\PBE\PlusLib\src\PlusDataCollection\VirtualDevices\vtkPlusVirtualMixer.h">
      <Filter>Header Files</Filter>
    </ClInclude>
    <ClInclude Include="C:\D\PBE\PlusLib\src\PlusDataCollection\VirtualDevices\vtkPlusVirtualSwitcher.h">
      <Filter>Header Files</Filter>
    </ClInclude>
    <ClInclude Include="C:\D\PBE\PlusLib\src\PlusDataCollection\VirtualDevices\vtkPlusVirtualDiscCapture.h">
      <Filter>Header Files</Filter>
    </ClInclude>
    <ClInclude Include="C:\D\PBE\PlusLib\src\PlusDataCollection\VirtualDevices\vtkPlusVirtualTextRecognizer.h">
      <Filter>Header Files</Filter>
    </ClInclude>
    <ClInclude Include="C:\D\PBE\PlusLib\src\PlusDataCollection\VirtualDevices\vtkPlusVirtualVolumeReconstructor.h">
      <Filter>Header Files</Filter>
    </ClInclude>
    <ClInclude Include="C:\D\PBE\PlusLib\src\PlusDataCollection\ImageProcessor\vtkPlusImageProcessorVideoSource.h">
      <Filter>Header Files</Filter>
    </ClInclude>
    <ClInclude Include="C:\D\PBE\PlusLib\src\PlusDataCollection\PlusSerialLine.h">
      <Filter>Header Files</Filter>
    </ClInclude>
    <ClInclude Include="C:\D\PBE\PlusLib\src\PlusDataCollection\itkFcsvReader.h">
      <Filter>Header Files</Filter>
    </ClInclude>
    <ClInclude Include="C:\D\PBE\PlusLib\src\PlusDataCollection\itkFcsvWriter.h">
      <Filter>Header Files</Filter>
    </ClInclude>
    <ClInclude Include="C:\D\PBE\PlusLib\src\PlusDataCollection\vtkPlusBuffer.h">
      <Filter>Header Files</Filter>
    </ClInclude>
    <ClInclude Include="C:\D\PBE\PlusLib\src\PlusDataCollection\UsSimulatorVideo\vtkPlusUsSimulatorVideoSource.h">
      <Filter>Header Files</Filter>
    </ClInclude>
    <ClInclude Include="C:\D\PBE\PlusLib\src\PlusDataCollection\vtkPlusUsImagingParameters.h">
      <Filter>Header Files</Filter>
    </ClInclude>
    <ClInclude Include="C:\D\PBE\PlusLib\src\PlusDataCollection\ChRobotics\vtkPlusChRoboticsTracker.h">
      <Filter>Header Files</Filter>
    </ClInclude>
    <ClInclude Include="C:\D\PBE\PlusLib\src\PlusDataCollection\MicrochipTracking\vtkPlusMicrochipTracker.h">
      <Filter>Header Files</Filter>
    </ClInclude>
    <ClInclude Include="C:\D\PBE\PlusLib\src\PlusDataCollection\OpenIGTLink\vtkPlusOpenIGTLinkDevice.h">
      <Filter>Header Files</Filter>
    </ClInclude>
    <ClInclude Include="C:\D\PBE\PlusLib\src\PlusDataCollection\OpenIGTLink\vtkPlusOpenIGTLinkTracker.h">
      <Filter>Header Files</Filter>
    </ClInclude>
    <ClInclude Include="C:\D\PBE\PlusLib\src\PlusDataCollection\OpenIGTLink\vtkPlusOpenIGTLinkVideoSource.h">
      <Filter>Header Files</Filter>
    </ClInclude>
  </ItemGroup>
  <ItemGroup>
    <CustomBuild Include="C:\D\PBE\PlusLib\src\PlusDataCollection\CMakeLists.txt" />
  </ItemGroup>
  <ItemGroup>
    <Filter Include="Source Files">
      <UniqueIdentifier>{1BFDEF91-6BE8-3172-8E1A-3C4C34F0F51E}</UniqueIdentifier>
    </Filter>
    <Filter Include="Header Files">
      <UniqueIdentifier>{F20E7A88-F753-3C99-8EEF-B38A2EE233FB}</UniqueIdentifier>
    </Filter>
  </ItemGroup>
</Project>
