<?xml version="1.0" encoding="UTF-8"?>
<Project ToolsVersion="12.0" xmlns="http://schemas.microsoft.com/developer/msbuild/2003">
  <ItemGroup>
    <ClCompile Include="C:\D\PBE\PlusLib\src\PlusOpenIGTLink\igtlPlusClientInfoMessage.cxx">
      <Filter>Source Files</Filter>
    </ClCompile>
    <ClCompile Include="C:\D\PBE\PlusLib\src\PlusOpenIGTLink\igtlPlusUsMessage.cxx">
      <Filter>Source Files</Filter>
    </ClCompile>
    <ClCompile Include="C:\D\PBE\PlusLib\src\PlusOpenIGTLink\igtlPlusTrackedFrameMessage.cxx">
      <Filter>Source Files</Filter>
    </ClCompile>
    <ClCompile Include="C:\D\PBE\PlusLib\src\PlusOpenIGTLink\PlusIgtlClientInfo.cxx">
      <Filter>Source Files</Filter>
    </ClCompile>
    <ClCompile Include="C:\D\PBE\PlusLib\src\PlusOpenIGTLink\vtkPlusIgtlMessageFactory.cxx">
      <Filter>Source Files</Filter>
    </ClCompile>
    <ClCompile Include="C:\D\PBE\PlusLib\src\PlusOpenIGTLink\vtkPlusIgtlMessageCommon.cxx">
      <Filter>Source Files</Filter>
    </ClCompile>
    <ClCompile Include="C:\D\PBE\PlusLib\src\PlusOpenIGTLink\vtkPlusIGTLMessageQueue.cxx">
      <Filter>Source Files</Filter>
    </ClCompile>
  </ItemGroup>
  <ItemGroup>
    <ClInclude Include="C:\D\PBE\PlusLib\src\PlusOpenIGTLink\igtlPlusClientInfoMessage.h">
      <Filter>Header Files</Filter>
    </ClInclude>
    <ClInclude Include="C:\D\PBE\PlusLib\src\PlusOpenIGTLink\igtlPlusUsMessage.h">
      <Filter>Header Files</Filter>
    </ClInclude>
    <ClInclude Include="C:\D\PBE\PlusLib\src\PlusOpenIGTLink\igtlPlusTrackedFrameMessage.h">
      <Filter>Header Files</Filter>
    </ClInclude>
    <ClInclude Include="C:\D\PBE\PlusLib\src\PlusOpenIGTLink\PlusIgtlClientInfo.h">
      <Filter>Header Files</Filter>
    </ClInclude>
    <ClInclude Include="C:\D\PBE\PlusLib\src\PlusOpenIGTLink\vtkPlusIgtlMessageFactory.h">
      <Filter>Header Files</Filter>
    </ClInclude>
    <ClInclude Include="C:\D\PBE\PlusLib\src\PlusOpenIGTLink\vtkPlusIgtlMessageCommon.h">
      <Filter>Header Files</Filter>
    </ClInclude>
    <ClInclude Include="C:\D\PBE\PlusLib\src\PlusOpenIGTLink\vtkPlusIGTLMessageQueue.h">
      <Filter>Header Files</Filter>
    </ClInclude>
  </ItemGroup>
  <ItemGroup>
    <CustomBuild Include="C:\D\PBE\PlusLib\src\PlusOpenIGTLink\CMakeLists.txt" />
  </ItemGroup>
  <ItemGroup>
    <Filter Include="Source Files">
      <UniqueIdentifier>{1BFDEF91-6BE8-3172-8E1A-3C4C34F0F51E}</UniqueIdentifier>
    </Filter>
    <Filter Include="Header Files">
      <UniqueIdentifier>{F20E7A88-F753-3C99-8EEF-B38A2EE233FB}</UniqueIdentifier>
    </Filter>
  </ItemGroup>
</Project>
