<?xml version="1.0" encoding="UTF-8"?>
<Project ToolsVersion="12.0" xmlns="http://schemas.microsoft.com/developer/msbuild/2003">
  <ItemGroup>
    <ClCompile Include="C:\D\PBE\PlusLib\src\PlusCommon\PlusCommon.cxx">
      <Filter>Source Files</Filter>
    </ClCompile>
    <ClCompile Include="C:\D\PBE\PlusLib\src\PlusCommon\vtkPlusAccurateTimer.cxx">
      <Filter>Source Files</Filter>
    </ClCompile>
    <ClCompile Include="C:\D\PBE\PlusLib\src\PlusCommon\vtkPlusLogger.cxx">
      <Filter>Source Files</Filter>
    </ClCompile>
    <ClCompile Include="C:\D\PBE\PlusLib\src\PlusCommon\vtkPlusHTMLGenerator.cxx">
      <Filter>Source Files</Filter>
    </ClCompile>
    <ClCompile Include="C:\D\PBE\PlusLib\src\PlusCommon\vtkPlusConfig.cxx">
      <Filter>Source Files</Filter>
    </ClCompile>
    <ClCompile Include="C:\D\PBE\PlusLib\src\PlusCommon\PlusMath.cxx">
      <Filter>Source Files</Filter>
    </ClCompile>
    <ClCompile Include="C:\D\PBE\PlusLib\src\PlusCommon\vtkPlusTransformRepository.cxx">
      <Filter>Source Files</Filter>
    </ClCompile>
    <ClCompile Include="C:\D\PBE\PlusLib\src\PlusCommon\PlusVideoFrame.cxx">
      <Filter>Source Files</Filter>
    </ClCompile>
    <ClCompile Include="C:\D\PBE\PlusLib\src\PlusCommon\vtkPlusTrackedFrameList.cxx">
      <Filter>Source Files</Filter>
    </ClCompile>
    <ClCompile Include="C:\D\PBE\PlusLib\src\PlusCommon\PlusTrackedFrame.cxx">
      <Filter>Source Files</Filter>
    </ClCompile>
    <ClCompile Include="C:\D\PBE\PlusLib\src\PlusCommon\IO\vtkPlusMetaImageSequenceIO.cxx">
      <Filter>Source Files</Filter>
    </ClCompile>
    <ClCompile Include="C:\D\PBE\PlusLib\src\PlusCommon\IO\vtkPlusNrrdSequenceIO.cxx">
      <Filter>Source Files</Filter>
    </ClCompile>
    <ClCompile Include="C:\D\PBE\PlusLib\src\PlusCommon\IO\vtkPlusSequenceIOBase.cxx">
      <Filter>Source Files</Filter>
    </ClCompile>
    <ClCompile Include="C:\D\PBE\PlusLib\src\PlusCommon\IO\vtkPlusSequenceIO.cxx">
      <Filter>Source Files</Filter>
    </ClCompile>
    <ClCompile Include="C:\D\PBE\PlusLib\src\PlusCommon\vtkPlusRecursiveCriticalSection.cxx">
      <Filter>Source Files</Filter>
    </ClCompile>
    <ClCompile Include="C:\D\PBE\PlusLib\src\PlusCommon\vtkPlusToolAxesActor.cxx">
      <Filter>Source Files</Filter>
    </ClCompile>
  </ItemGroup>
  <ItemGroup>
    <ClInclude Include="C:\D\PBE\PlusLib\src\PlusCommon\PlusCommon.h">
      <Filter>Header Files</Filter>
    </ClInclude>
    <ClInclude Include="C:\D\PBE\PlusLib\src\PlusCommon\vtkPlusAccurateTimer.h">
      <Filter>Header Files</Filter>
    </ClInclude>
    <ClInclude Include="C:\D\PBE\PlusLib\src\PlusCommon\WindowsAccurateTimer.h">
      <Filter>Header Files</Filter>
    </ClInclude>
    <ClInclude Include="C:\D\PBE\PlusLib\src\PlusCommon\vtkPlusLogger.h">
      <Filter>Header Files</Filter>
    </ClInclude>
    <ClInclude Include="C:\D\PBE\PlusLib\src\PlusCommon\vtkPlusHTMLGenerator.h">
      <Filter>Header Files</Filter>
    </ClInclude>
    <ClInclude Include="C:\D\PBE\PlusLib\src\PlusCommon\vtkPlusConfig.h">
      <Filter>Header Files</Filter>
    </ClInclude>
    <ClInclude Include="C:\D\PBE\PlusLib\src\PlusCommon\vtkPlusMacro.h">
      <Filter>Header Files</Filter>
    </ClInclude>
    <ClInclude Include="C:\D\PBE\PlusLib\src\PlusCommon\PlusMath.h">
      <Filter>Header Files</Filter>
    </ClInclude>
    <ClInclude Include="C:\D\PBE\PlusLib\src\PlusCommon\vtkPlusTransformRepository.h">
      <Filter>Header Files</Filter>
    </ClInclude>
    <ClInclude Include="C:\D\PBE\PlusLib\src\PlusCommon\vtkPlusTrackedFrameList.h">
      <Filter>Header Files</Filter>
    </ClInclude>
    <ClInclude Include="C:\D\PBE\PlusLib\src\PlusCommon\PlusTrackedFrame.h">
      <Filter>Header Files</Filter>
    </ClInclude>
    <ClInclude Include="C:\D\PBE\PlusLib\src\PlusCommon\PlusVideoFrame.h">
      <Filter>Header Files</Filter>
    </ClInclude>
    <ClInclude Include="C:\D\PBE\PlusLib\src\PlusCommon\PlusVideoFrame.txx">
      <Filter>Header Files</Filter>
    </ClInclude>
    <ClInclude Include="C:\D\PBE\PlusLib\src\PlusCommon\IO\vtkPlusMetaImageSequenceIO.h">
      <Filter>Header Files</Filter>
    </ClInclude>
    <ClInclude Include="C:\D\PBE\PlusLib\src\PlusCommon\IO\vtkPlusNrrdSequenceIO.h">
      <Filter>Header Files</Filter>
    </ClInclude>
    <ClInclude Include="C:\D\PBE\PlusLib\src\PlusCommon\IO\vtkPlusSequenceIO.h">
      <Filter>Header Files</Filter>
    </ClInclude>
    <ClInclude Include="C:\D\PBE\PlusLib\src\PlusCommon\IO\vtkPlusSequenceIOBase.h">
      <Filter>Header Files</Filter>
    </ClInclude>
    <ClInclude Include="C:\D\PBE\PlusLib\src\PlusCommon\vtkPlusRecursiveCriticalSection.h">
      <Filter>Header Files</Filter>
    </ClInclude>
    <ClInclude Include="C:\D\PBE\PlusLib\src\PlusCommon\vtkPlusToolAxesActor.h">
      <Filter>Header Files</Filter>
    </ClInclude>
    <ClInclude Include="C:\D\PBE\PlusLib\src\PlusCommon\PixelCodec.h">
      <Filter>Header Files</Filter>
    </ClInclude>
  </ItemGroup>
  <ItemGroup>
    <CustomBuild Include="C:\D\PBE\PlusLib\src\PlusCommon\CMakeLists.txt" />
  </ItemGroup>
  <ItemGroup>
    <Filter Include="Source Files">
      <UniqueIdentifier>{1BFDEF91-6BE8-3172-8E1A-3C4C34F0F51E}</UniqueIdentifier>
    </Filter>
    <Filter Include="Header Files">
      <UniqueIdentifier>{F20E7A88-F753-3C99-8EEF-B38A2EE233FB}</UniqueIdentifier>
    </Filter>
  </ItemGroup>
</Project>
